// !$*UTF8*$!
{
	archiveVersion = 1;
	classes = {
	};
	objectVersion = 55;
	objects = {

/* Begin PBXBuildFile section */
		1C72ABF527B9FC4C004DBA84 /* AppDelegate.swift in Sources */ = {isa = PBXBuildFile; fileRef = 1C72ABF427B9FC4C004DBA84 /* AppDelegate.swift */; };
		1C72ABF727B9FC4C004DBA84 /* SceneDelegate.swift in Sources */ = {isa = PBXBuildFile; fileRef = 1C72ABF627B9FC4C004DBA84 /* SceneDelegate.swift */; };
		1C72ABF927B9FC4C004DBA84 /* ViewController.swift in Sources */ = {isa = PBXBuildFile; fileRef = 1C72ABF827B9FC4C004DBA84 /* ViewController.swift */; };
		1C72ABFC27B9FC4C004DBA84 /* Main.storyboard in Resources */ = {isa = PBXBuildFile; fileRef = 1C72ABFA27B9FC4C004DBA84 /* Main.storyboard */; };
		1C72ABFE27B9FC4D004DBA84 /* Assets.xcassets in Resources */ = {isa = PBXBuildFile; fileRef = 1C72ABFD27B9FC4D004DBA84 /* Assets.xcassets */; };
		1C72AC0127B9FC4D004DBA84 /* LaunchScreen.storyboard in Resources */ = {isa = PBXBuildFile; fileRef = 1C72ABFF27B9FC4D004DBA84 /* LaunchScreen.storyboard */; };
		9DE9F9E7BA47255BB8D015D5 /* Pods_RxSwift_Practice.framework in Frameworks */ = {isa = PBXBuildFile; fileRef = A15E9AFFA81FFDE1CA3D765C /* Pods_RxSwift_Practice.framework */; };
/* End PBXBuildFile section */

/* Begin PBXFileReference section */
		1C72ABF127B9FC4C004DBA84 /* RxSwift_Practice.app */ = {isa = PBXFileReference; explicitFileType = wrapper.application; includeInIndex = 0; path = RxSwift_Practice.app; sourceTree = BUILT_PRODUCTS_DIR; };
		1C72ABF427B9FC4C004DBA84 /* AppDelegate.swift */ = {isa = PBXFileReference; lastKnownFileType = sourcecode.swift; path = AppDelegate.swift; sourceTree = "<group>"; };
		1C72ABF627B9FC4C004DBA84 /* SceneDelegate.swift */ = {isa = PBXFileReference; lastKnownFileType = sourcecode.swift; path = SceneDelegate.swift; sourceTree = "<group>"; };
		1C72ABF827B9FC4C004DBA84 /* ViewController.swift */ = {isa = PBXFileReference; lastKnownFileType = sourcecode.swift; path = ViewController.swift; sourceTree = "<group>"; };
		1C72ABFB27B9FC4C004DBA84 /* Base */ = {isa = PBXFileReference; lastKnownFileType = file.storyboard; name = Base; path = Base.lproj/Main.storyboard; sourceTree = "<group>"; };
		1C72ABFD27B9FC4D004DBA84 /* Assets.xcassets */ = {isa = PBXFileReference; lastKnownFileType = folder.assetcatalog; path = Assets.xcassets; sourceTree = "<group>"; };
		1C72AC0027B9FC4D004DBA84 /* Base */ = {isa = PBXFileReference; lastKnownFileType = file.storyboard; name = Base; path = Base.lproj/LaunchScreen.storyboard; sourceTree = "<group>"; };
		1C72AC0227B9FC4D004DBA84 /* Info.plist */ = {isa = PBXFileReference; lastKnownFileType = text.plist.xml; path = Info.plist; sourceTree = "<group>"; };
		1C72AC1627BA029C004DBA84 /* RxPlayground.playground */ = {isa = PBXFileReference; lastKnownFileType = file.playground; path = RxPlayground.playground; sourceTree = "<group>"; xcLanguageSpecificationIdentifier = xcode.lang.swift; };
		A15E9AFFA81FFDE1CA3D765C /* Pods_RxSwift_Practice.framework */ = {isa = PBXFileReference; explicitFileType = wrapper.framework; includeInIndex = 0; path = Pods_RxSwift_Practice.framework; sourceTree = BUILT_PRODUCTS_DIR; };
		A2A435461053592D69B93D9B /* Pods-RxSwift_Practice.release.xcconfig */ = {isa = PBXFileReference; includeInIndex = 1; lastKnownFileType = text.xcconfig; name = "Pods-RxSwift_Practice.release.xcconfig"; path = "Target Support Files/Pods-RxSwift_Practice/Pods-RxSwift_Practice.release.xcconfig"; sourceTree = "<group>"; };
		CFC17959447DBBAB8A655F87 /* Pods-RxSwift_Practice.debug.xcconfig */ = {isa = PBXFileReference; includeInIndex = 1; lastKnownFileType = text.xcconfig; name = "Pods-RxSwift_Practice.debug.xcconfig"; path = "Target Support Files/Pods-RxSwift_Practice/Pods-RxSwift_Practice.debug.xcconfig"; sourceTree = "<group>"; };
/* End PBXFileReference section */

/* Begin PBXFrameworksBuildPhase section */
		1C72ABEE27B9FC4C004DBA84 /* Frameworks */ = {
			isa = PBXFrameworksBuildPhase;
			buildActionMask = 2147483647;
			files = (
				9DE9F9E7BA47255BB8D015D5 /* Pods_RxSwift_Practice.framework in Frameworks */,
			);
			runOnlyForDeploymentPostprocessing = 0;
		};
/* End PBXFrameworksBuildPhase section */

/* Begin PBXGroup section */
		1C72ABE827B9FC4C004DBA84 = {
			isa = PBXGroup;
			children = (
				1C72ABF327B9FC4C004DBA84 /* RxSwift_Practice */,
				1C72ABF227B9FC4C004DBA84 /* Products */,
				A18EAADEA37B33D02DACB438 /* Pods */,
				6019D389E3E76DA72365034C /* Frameworks */,
			);
			sourceTree = "<group>";
		};
		1C72ABF227B9FC4C004DBA84 /* Products */ = {
			isa = PBXGroup;
			children = (
				1C72ABF127B9FC4C004DBA84 /* RxSwift_Practice.app */,
			);
			name = Products;
			sourceTree = "<group>";
		};
		1C72ABF327B9FC4C004DBA84 /* RxSwift_Practice */ = {
			isa = PBXGroup;
			children = (
				1C72ABF427B9FC4C004DBA84 /* AppDelegate.swift */,
				1C72ABF627B9FC4C004DBA84 /* SceneDelegate.swift */,
				1C72ABF827B9FC4C004DBA84 /* ViewController.swift */,
				1C72ABFA27B9FC4C004DBA84 /* Main.storyboard */,
				1C72ABFD27B9FC4D004DBA84 /* Assets.xcassets */,
				1C72ABFF27B9FC4D004DBA84 /* LaunchScreen.storyboard */,
				1C72AC0227B9FC4D004DBA84 /* Info.plist */,
				1C72AC1627BA029C004DBA84 /* RxPlayground.playground */,
			);
			path = RxSwift_Practice;
			sourceTree = "<group>";
		};
		6019D389E3E76DA72365034C /* Frameworks */ = {
			isa = PBXGroup;
			children = (
				A15E9AFFA81FFDE1CA3D765C /* Pods_RxSwift_Practice.framework */,
			);
			name = Frameworks;
			sourceTree = "<group>";
		};
		A18EAADEA37B33D02DACB438 /* Pods */ = {
			isa = PBXGroup;
			children = (
				CFC17959447DBBAB8A655F87 /* Pods-RxSwift_Practice.debug.xcconfig */,
				A2A435461053592D69B93D9B /* Pods-RxSwift_Practice.release.xcconfig */,
			);
			path = Pods;
			sourceTree = "<group>";
		};
/* End PBXGroup section */

/* Begin PBXNativeTarget section */
		1C72ABF027B9FC4C004DBA84 /* RxSwift_Practice */ = {
			isa = PBXNativeTarget;
			buildConfigurationList = 1C72AC0527B9FC4D004DBA84 /* Build configuration list for PBXNativeTarget "RxSwift_Practice" */;
			buildPhases = (
				C8AF8B727BCCF1F10A9A8F4D /* [CP] Check Pods Manifest.lock */,
				1C72ABED27B9FC4C004DBA84 /* Sources */,
				1C72ABEE27B9FC4C004DBA84 /* Frameworks */,
				1C72ABEF27B9FC4C004DBA84 /* Resources */,
				6D16C2C8F7555E5341F9FA45 /* [CP] Embed Pods Frameworks */,
			);
			buildRules = (
			);
			dependencies = (
			);
			name = RxSwift_Practice;
			productName = RxSwift_Practice;
			productReference = 1C72ABF127B9FC4C004DBA84 /* RxSwift_Practice.app */;
			productType = "com.apple.product-type.application";
		};
/* End PBXNativeTarget section */

/* Begin PBXProject section */
		1C72ABE927B9FC4C004DBA84 /* Project object */ = {
			isa = PBXProject;
			attributes = {
				BuildIndependentTargetsInParallel = 1;
				LastSwiftUpdateCheck = 1320;
				LastUpgradeCheck = 1320;
				TargetAttributes = {
					1C72ABF027B9FC4C004DBA84 = {
						CreatedOnToolsVersion = 13.2.1;
					};
				};
			};
			buildConfigurationList = 1C72ABEC27B9FC4C004DBA84 /* Build configuration list for PBXProject "RxSwift_Practice" */;
			compatibilityVersion = "Xcode 13.0";
			developmentRegion = en;
			hasScannedForEncodings = 0;
			knownRegions = (
				en,
				Base,
			);
			mainGroup = 1C72ABE827B9FC4C004DBA84;
			productRefGroup = 1C72ABF227B9FC4C004DBA84 /* Products */;
			projectDirPath = "";
			projectRoot = "";
			targets = (
				1C72ABF027B9FC4C004DBA84 /* RxSwift_Practice */,
			);
		};
/* End PBXProject section */

/* Begin PBXResourcesBuildPhase section */
		1C72ABEF27B9FC4C004DBA84 /* Resources */ = {
			isa = PBXResourcesBuildPhase;
			buildActionMask = 2147483647;
			files = (
				1C72AC0127B9FC4D004DBA84 /* LaunchScreen.storyboard in Resources */,
				1C72ABFE27B9FC4D004DBA84 /* Assets.xcassets in Resources */,
				1C72ABFC27B9FC4C004DBA84 /* Main.storyboard in Resources */,
			);
			runOnlyForDeploymentPostprocessing = 0;
		};
/* End PBXResourcesBuildPhase section */

/* Begin PBXShellScriptBuildPhase section */
		6D16C2C8F7555E5341F9FA45 /* [CP] Embed Pods Frameworks */ = {
			isa = PBXShellScriptBuildPhase;
			buildActionMask = 2147483647;
			files = (
			);
			inputFileListPaths = (
				"${PODS_ROOT}/Target Support Files/Pods-RxSwift_Practice/Pods-RxSwift_Practice-frameworks-${CONFIGURATION}-input-files.xcfilelist",
			);
			name = "[CP] Embed Pods Frameworks";
			outputFileListPaths = (
				"${PODS_ROOT}/Target Support Files/Pods-RxSwift_Practice/Pods-RxSwift_Practice-frameworks-${CONFIGURATION}-output-files.xcfilelist",
			);
			runOnlyForDeploymentPostprocessing = 0;
			shellPath = /bin/sh;
			shellScript = "\"${PODS_ROOT}/Target Support Files/Pods-RxSwift_Practice/Pods-RxSwift_Practice-frameworks.sh\"\n";
			showEnvVarsInLog = 0;
		};
		C8AF8B727BCCF1F10A9A8F4D /* [CP] Check Pods Manifest.lock */ = {
			isa = PBXShellScriptBuildPhase;
			buildActionMask = 2147483647;
			files = (
			);
			inputFileListPaths = (
			);
			inputPaths = (
				"${PODS_PODFILE_DIR_PATH}/Podfile.lock",
				"${PODS_ROOT}/Manifest.lock",
			);
			name = "[CP] Check Pods Manifest.lock";
			outputFileListPaths = (
			);
			outputPaths = (
				"$(DERIVED_FILE_DIR)/Pods-RxSwift_Practice-checkManifestLockResult.txt",
			);
			runOnlyForDeploymentPostprocessing = 0;
			shellPath = /bin/sh;
			shellScript = "diff \"${PODS_PODFILE_DIR_PATH}/Podfile.lock\" \"${PODS_ROOT}/Manifest.lock\" > /dev/null\nif [ $? != 0 ] ; then\n    # print error to STDERR\n    echo \"error: The sandbox is not in sync with the Podfile.lock. Run 'pod install' or update your CocoaPods installation.\" >&2\n    exit 1\nfi\n# This output is used by Xcode 'outputs' to avoid re-running this script phase.\necho \"SUCCESS\" > \"${SCRIPT_OUTPUT_FILE_0}\"\n";
			showEnvVarsInLog = 0;
		};
/* End PBXShellScriptBuildPhase section */

/* Begin PBXSourcesBuildPhase section */
		1C72ABED27B9FC4C004DBA84 /* Sources */ = {
			isa = PBXSourcesBuildPhase;
			buildActionMask = 2147483647;
			files = (
				1C72ABF927B9FC4C004DBA84 /* ViewController.swift in Sources */,
				1C72ABF527B9FC4C004DBA84 /* AppDelegate.swift in Sources */,
				1C72ABF727B9FC4C004DBA84 /* SceneDelegate.swift in Sources */,
			);
			runOnlyForDeploymentPostprocessing = 0;
		};
/* End PBXSourcesBuildPhase section */

/* Begin PBXVariantGroup section */
		1C72ABFA27B9FC4C004DBA84 /* Main.storyboard */ = {
			isa = PBXVariantGroup;
			children = (
				1C72ABFB27B9FC4C004DBA84 /* Base */,
			);
			name = Main.storyboard;
			sourceTree = "<group>";
		};
		1C72ABFF27B9FC4D004DBA84 /* LaunchScreen.storyboard */ = {
			isa = PBXVariantGroup;
			children = (
				1C72AC0027B9FC4D004DBA84 /* Base */,
			);
			name = LaunchScreen.storyboard;
			sourceTree = "<group>";
		};
/* End PBXVariantGroup section */

/* Begin XCBuildConfiguration section */
		1C72AC0327B9FC4D004DBA84 /* Debug */ = {
			isa = XCBuildConfiguration;
			buildSettings = {
				ALWAYS_SEARCH_USER_PATHS = NO;
				CLANG_ANALYZER_NONNULL = YES;
				CLANG_ANALYZER_NUMBER_OBJECT_CONVERSION = YES_AGGRESSIVE;
				CLANG_CXX_LANGUAGE_STANDARD = "gnu++17";
				CLANG_CXX_LIBRARY = "libc++";
				CLANG_ENABLE_MODULES = YES;
				CLANG_ENABLE_OBJC_ARC = YES;
				CLANG_ENABLE_OBJC_WEAK = YES;
				CLANG_WARN_BLOCK_CAPTURE_AUTORELEASING = YES;
				CLANG_WARN_BOOL_CONVERSION = YES;
				CLANG_WARN_COMMA = YES;
				CLANG_WARN_CONSTANT_CONVERSION = YES;
				CLANG_WARN_DEPRECATED_OBJC_IMPLEMENTATIONS = YES;
				CLANG_WARN_DIRECT_OBJC_ISA_USAGE = YES_ERROR;
				CLANG_WARN_DOCUMENTATION_COMMENTS = YES;
				CLANG_WARN_EMPTY_BODY = YES;
				CLANG_WARN_ENUM_CONVERSION = YES;
				CLANG_WARN_INFINITE_RECURSION = YES;
				CLANG_WARN_INT_CONVERSION = YES;
				CLANG_WARN_NON_LITERAL_NULL_CONVERSION = YES;
				CLANG_WARN_OBJC_IMPLICIT_RETAIN_SELF = YES;
				CLANG_WARN_OBJC_LITERAL_CONVERSION = YES;
				CLANG_WARN_OBJC_ROOT_CLASS = YES_ERROR;
				CLANG_WARN_QUOTED_INCLUDE_IN_FRAMEWORK_HEADER = YES;
				CLANG_WARN_RANGE_LOOP_ANALYSIS = YES;
				CLANG_WARN_STRICT_PROTOTYPES = YES;
				CLANG_WARN_SUSPICIOUS_MOVE = YES;
				CLANG_WARN_UNGUARDED_AVAILABILITY = YES_AGGRESSIVE;
				CLANG_WARN_UNREACHABLE_CODE = YES;
				CLANG_WARN__DUPLICATE_METHOD_MATCH = YES;
				COPY_PHASE_STRIP = NO;
				DEBUG_INFORMATION_FORMAT = dwarf;
				ENABLE_STRICT_OBJC_MSGSEND = YES;
				ENABLE_TESTABILITY = YES;
				GCC_C_LANGUAGE_STANDARD = gnu11;
				GCC_DYNAMIC_NO_PIC = NO;
				GCC_NO_COMMON_BLOCKS = YES;
				GCC_OPTIMIZATION_LEVEL = 0;
				GCC_PREPROCESSOR_DEFINITIONS = (
					"DEBUG=1",
					"$(inherited)",
				);
				GCC_WARN_64_TO_32_BIT_CONVERSION = YES;
				GCC_WARN_ABOUT_RETURN_TYPE = YES_ERROR;
				GCC_WARN_UNDECLARED_SELECTOR = YES;
				GCC_WARN_UNINITIALIZED_AUTOS = YES_AGGRESSIVE;
				GCC_WARN_UNUSED_FUNCTION = YES;
				GCC_WARN_UNUSED_VARIABLE = YES;
				IPHONEOS_DEPLOYMENT_TARGET = 15.2;
				MTL_ENABLE_DEBUG_INFO = INCLUDE_SOURCE;
				MTL_FAST_MATH = YES;
				ONLY_ACTIVE_ARCH = YES;
				SDKROOT = iphoneos;
				SWIFT_ACTIVE_COMPILATION_CONDITIONS = DEBUG;
				SWIFT_OPTIMIZATION_LEVEL = "-Onone";
			};
			name = Debug;
		};
		1C72AC0427B9FC4D004DBA84 /* Release */ = {
			isa = XCBuildConfiguration;
			buildSettings = {
				ALWAYS_SEARCH_USER_PATHS = NO;
				CLANG_ANALYZER_NONNULL = YES;
				CLANG_ANALYZER_NUMBER_OBJECT_CONVERSION = YES_AGGRESSIVE;
				CLANG_CXX_LANGUAGE_STANDARD = "gnu++17";
				CLANG_CXX_LIBRARY = "libc++";
				CLANG_ENABLE_MODULES = YES;
				CLANG_ENABLE_OBJC_ARC = YES;
				CLANG_ENABLE_OBJC_WEAK = YES;
				CLANG_WARN_BLOCK_CAPTURE_AUTORELEASING = YES;
				CLANG_WARN_BOOL_CONVERSION = YES;
				CLANG_WARN_COMMA = YES;
				CLANG_WARN_CONSTANT_CONVERSION = YES;
				CLANG_WARN_DEPRECATED_OBJC_IMPLEMENTATIONS = YES;
				CLANG_WARN_DIRECT_OBJC_ISA_USAGE = YES_ERROR;
				CLANG_WARN_DOCUMENTATION_COMMENTS = YES;
				CLANG_WARN_EMPTY_BODY = YES;
				CLANG_WARN_ENUM_CONVERSION = YES;
				CLANG_WARN_INFINITE_RECURSION = YES;
				CLANG_WARN_INT_CONVERSION = YES;
				CLANG_WARN_NON_LITERAL_NULL_CONVERSION = YES;
				CLANG_WARN_OBJC_IMPLICIT_RETAIN_SELF = YES;
				CLANG_WARN_OBJC_LITERAL_CONVERSION = YES;
				CLANG_WARN_OBJC_ROOT_CLASS = YES_ERROR;
				CLANG_WARN_QUOTED_INCLUDE_IN_FRAMEWORK_HEADER = YES;
				CLANG_WARN_RANGE_LOOP_ANALYSIS = YES;
				CLANG_WARN_STRICT_PROTOTYPES = YES;
				CLANG_WARN_SUSPICIOUS_MOVE = YES;
				CLANG_WARN_UNGUARDED_AVAILABILITY = YES_AGGRESSIVE;
				CLANG_WARN_UNREACHABLE_CODE = YES;
				CLANG_WARN__DUPLICATE_METHOD_MATCH = YES;
				COPY_PHASE_STRIP = NO;
				DEBUG_INFORMATION_FORMAT = "dwarf-with-dsym";
				ENABLE_NS_ASSERTIONS = NO;
				ENABLE_STRICT_OBJC_MSGSEND = YES;
				GCC_C_LANGUAGE_STANDARD = gnu11;
				GCC_NO_COMMON_BLOCKS = YES;
				GCC_WARN_64_TO_32_BIT_CONVERSION = YES;
				GCC_WARN_ABOUT_RETURN_TYPE = YES_ERROR;
				GCC_WARN_UNDECLARED_SELECTOR = YES;
				GCC_WARN_UNINITIALIZED_AUTOS = YES_AGGRESSIVE;
				GCC_WARN_UNUSED_FUNCTION = YES;
				GCC_WARN_UNUSED_VARIABLE = YES;
				IPHONEOS_DEPLOYMENT_TARGET = 15.2;
				MTL_ENABLE_DEBUG_INFO = NO;
				MTL_FAST_MATH = YES;
				SDKROOT = iphoneos;
				SWIFT_COMPILATION_MODE = wholemodule;
				SWIFT_OPTIMIZATION_LEVEL = "-O";
				VALIDATE_PRODUCT = YES;
			};
			name = Release;
		};
		1C72AC0627B9FC4D004DBA84 /* Debug */ = {
			isa = XCBuildConfiguration;
			baseConfigurationReference = CFC17959447DBBAB8A655F87 /* Pods-RxSwift_Practice.debug.xcconfig */;
			buildSettings = {
				ASSETCATALOG_COMPILER_APPICON_NAME = AppIcon;
				ASSETCATALOG_COMPILER_GLOBAL_ACCENT_COLOR_NAME = AccentColor;
				CODE_SIGN_STYLE = Automatic;
				CURRENT_PROJECT_VERSION = 1;
				DEVELOPMENT_TEAM = 5LZNHGFB8C;
				GENERATE_INFOPLIST_FILE = YES;
				INFOPLIST_FILE = RxSwift_Practice/Info.plist;
				INFOPLIST_KEY_UIApplicationSupportsIndirectInputEvents = YES;
				INFOPLIST_KEY_UILaunchStoryboardName = LaunchScreen;
				INFOPLIST_KEY_UIMainStoryboardFile = Main;
				INFOPLIST_KEY_UISupportedInterfaceOrientations_iPad = "UIInterfaceOrientationPortrait UIInterfaceOrientationPortraitUpsideDown UIInterfaceOrientationLandscapeLeft UIInterfaceOrientationLandscapeRight";
				INFOPLIST_KEY_UISupportedInterfaceOrientations_iPhone = "UIInterfaceOrientationPortrait UIInterfaceOrientationLandscapeLeft UIInterfaceOrientationLandscapeRight";
				LD_RUNPATH_SEARCH_PATHS = (
					"$(inherited)",
					"@executable_path/Frameworks",
				);
				MARKETING_VERSION = 1.0;
				PRODUCT_BUNDLE_IDENTIFIER = "KEEN.RxSwift-Practice";
				PRODUCT_NAME = "$(TARGET_NAME)";
				SWIFT_EMIT_LOC_STRINGS = YES;
				SWIFT_VERSION = 5.0;
				TARGETED_DEVICE_FAMILY = "1,2";
			};
			name = Debug;
		};
		1C72AC0727B9FC4D004DBA84 /* Release */ = {
			isa = XCBuildConfiguration;
			baseConfigurationReference = A2A435461053592D69B93D9B /* Pods-RxSwift_Practice.release.xcconfig */;
			buildSettings = {
				ASSETCATALOG_COMPILER_APPICON_NAME = AppIcon;
				ASSETCATALOG_COMPILER_GLOBAL_ACCENT_COLOR_NAME = AccentColor;
				CODE_SIGN_STYLE = Automatic;
				CURRENT_PROJECT_VERSION = 1;
				DEVELOPMENT_TEAM = 5LZNHGFB8C;
				GENERATE_INFOPLIST_FILE = YES;
				INFOPLIST_FILE = RxSwift_Practice/Info.plist;
				INFOPLIST_KEY_UIApplicationSupportsIndirectInputEvents = YES;
				INFOPLIST_KEY_UILaunchStoryboardName = LaunchScreen;
				INFOPLIST_KEY_UIMainStoryboardFile = Main;
				INFOPLIST_KEY_UISupportedInterfaceOrientations_iPad = "UIInterfaceOrientationPortrait UIInterfaceOrientationPortraitUpsideDown UIInterfaceOrientationLandscapeLeft UIInterfaceOrientationLandscapeRight";
				INFOPLIST_KEY_UISupportedInterfaceOrientations_iPhone = "UIInterfaceOrientationPortrait UIInterfaceOrientationLandscapeLeft UIInterfaceOrientationLandscapeRight";
				LD_RUNPATH_SEARCH_PATHS = (
					"$(inherited)",
					"@executable_path/Frameworks",
				);
				MARKETING_VERSION = 1.0;
				PRODUCT_BUNDLE_IDENTIFIER = "KEEN.RxSwift-Practice";
				PRODUCT_NAME = "$(TARGET_NAME)";
				SWIFT_EMIT_LOC_STRINGS = YES;
				SWIFT_VERSION = 5.0;
				TARGETED_DEVICE_FAMILY = "1,2";
			};
			name = Release;
		};
/* End XCBuildConfiguration section */

/* Begin XCConfigurationList section */
		1C72ABEC27B9FC4C004DBA84 /* Build configuration list for PBXProject "RxSwift_Practice" */ = {
			isa = XCConfigurationList;
			buildConfigurations = (
				1C72AC0327B9FC4D004DBA84 /* Debug */,
				1C72AC0427B9FC4D004DBA84 /* Release */,
			);
			defaultConfigurationIsVisible = 0;
			defaultConfigurationName = Release;
		};
		1C72AC0527B9FC4D004DBA84 /* Build configuration list for PBXNativeTarget "RxSwift_Practice" */ = {
			isa = XCConfigurationList;
			buildConfigurations = (
				1C72AC0627B9FC4D004DBA84 /* Debug */,
				1C72AC0727B9FC4D004DBA84 /* Release */,
			);
			defaultConfigurationIsVisible = 0;
			defaultConfigurationName = Release;
		};
/* End XCConfigurationList section */
	};
	rootObject = 1C72ABE927B9FC4C004DBA84 /* Project object */;
}
